
Microsoft Visual Studio Solution File, Format Version 12.00
# Visual Studio Version 17
VisualStudioVersion = 17.9.34728.123
MinimumVisualStudioVersion = 10.0.40219.1
Project("{FAE04EC0-301F-11D3-BF4B-00C04F79EFBC}") = "Servidor_Web", "Servidor_Web\Servidor_Web.csproj", "{775994B3-4148-441F-A14B-04654F6E9436}"
EndProject
Global
	GlobalSection(SolutionConfigurationPlatforms) = preSolution
		Debug|Any CPU = Debug|Any CPU
		Release|Any CPU = Release|Any CPU
	EndGlobalSection
	GlobalSection(ProjectConfigurationPlatforms) = postSolution
		{775994B3-4148-441F-A14B-04654F6E9436}.Debug|Any CPU.ActiveCfg = Debug|Any CPU
		{775994B3-4148-441F-A14B-04654F6E9436}.Debug|Any CPU.Build.0 = Debug|Any CPU
		{775994B3-4148-441F-A14B-04654F6E9436}.Release|Any CPU.ActiveCfg = Release|Any CPU
		{775994B3-4148-441F-A14B-04654F6E9436}.Release|Any CPU.Build.0 = Release|Any CPU
	EndGlobalSection
	GlobalSection(SolutionProperties) = preSolution
		HideSolutionNode = FALSE
	EndGlobalSection
	GlobalSection(ExtensibilityGlobals) = postSolution
		SolutionGuid = {1A95E0EE-7F0D-4C3B-8CA2-5C55B5A1D2BC}
	EndGlobalSection
EndGlobal
